{
    "_readme": [
        "This file locks the dependencies of your project to a known state",
        "Read more about it at https://getcomposer.org/doc/01-basic-usage.md#composer-lock-the-lock-file",
        "This file is @generated automatically"
    ],
    "hash": "ed22ea45738c76042c0d879b2c2c93ba",
    "content-hash": "c9c7584b88ad516d99f8ae89df12b69c",
    "packages": [
        {
            "name": "luoyy/blade",
            "version": "5.5.1",
            "source": {
                "type": "git",
                "url": "https://github.com/zishang520/blade.git",
                "reference": "5fdac8a7ddd9b27168dfc856d2d5931c6e745720"
            },
            "dist": {
                "type": "zip",
                "url": "https://files.phpcomposer.com/files/zishang520/blade/5fdac8a7ddd9b27168dfc856d2d5931c6e745720.zip",
                "reference": "5fdac8a7ddd9b27168dfc856d2d5931c6e745720",
                "shasum": ""
            },
            "require": {
                "php": ">=5.4.0"
            },
            "type": "library",
            "autoload": {
                "files": [
                    "src/helpers.php"
                ],
                "psr-4": {
                    "luoyy\\Blade\\": "src/"
                }
            },
            "notification-url": "https://packagist.org/downloads/",
            "license": [
                "MIT"
            ],
            "authors": [
                {
                    "name": "luoyy",
                    "email": "zishang520@gmail.com"
                }
            ],
            "description": "an independent version of laravel view template - blade",
            "homepage": "http://www.luoyy.com",
            "time": "2017-11-08 06:10:37"
        },
        {
            "name": "luoyy/think-blade",
            "version": "2.0.2",
            "source": {
                "type": "git",
                "url": "https://github.com/zishang520/think-blade.git",
                "reference": "f77b48bfe15739803e860f350ccaaaebfbee2ba2"
            },
            "dist": {
                "type": "zip",
                "url": "https://files.phpcomposer.com/files/zishang520/think-blade/f77b48bfe15739803e860f350ccaaaebfbee2ba2.zip",
                "reference": "f77b48bfe15739803e860f350ccaaaebfbee2ba2",
                "shasum": ""
            },
            "require": {
                "luoyy/blade": "^5.5",
                "php": ">=5.4.0"
            },
            "type": "library",
            "autoload": {
                "classmap": [
                    {
                        "think\\view\\driver\\Blade": "drivers/thinkphp5/Blade.php"
                    }
                ]
            },
            "notification-url": "https://packagist.org/downloads/",
            "license": [
                "Apache2"
            ],
            "authors": [
                {
                    "name": "luoyy",
                    "email": "zishang520@gmail.com"
                }
            ],
            "description": "think blade view engine",
            "homepage": "http://www.luoyy.com",
            "time": "2017-11-08 07:07:01"
        },
        {
            "name": "topthink/framework",
            "version": "v5.0.14",
            "source": {
                "type": "git",
                "url": "https://github.com/top-think/framework.git",
                "reference": "3d1bdfbc19a7e7fd323be1dd53c4bacbe7bfb706"
            },
            "dist": {
                "type": "zip",
                "url": "https://files.phpcomposer.com/files/top-think/framework/3d1bdfbc19a7e7fd323be1dd53c4bacbe7bfb706.zip",
                "reference": "3d1bdfbc19a7e7fd323be1dd53c4bacbe7bfb706",
                "shasum": ""
            },
            "require": {
                "php": ">=5.4.0",
                "topthink/think-installer": "~1.0"
            },
            "require-dev": {
                "johnkary/phpunit-speedtrap": "^1.0",
                "mikey179/vfsstream": "~1.6",
                "phpdocumentor/reflection-docblock": "^2.0",
                "phploc/phploc": "2.*",
                "phpunit/phpunit": "4.8.*",
                "sebastian/phpcpd": "2.*"
            },
            "type": "think-framework",
            "autoload": {
                "psr-4": {
                    "think\\": "library/think"
                }
            },
            "notification-url": "https://packagist.org/downloads/",
            "license": [
                "Apache-2.0"
            ],
            "authors": [
                {
                    "name": "liu21st",
                    "email": "liu21st@gmail.com"
                }
            ],
            "description": "the new thinkphp framework",
            "homepage": "http://thinkphp.cn/",
            "keywords": [
                "framework",
                "orm",
                "thinkphp"
            ],
            "time": "2018-01-01 12:44:11"
        },
        {
            "name": "topthink/think-captcha",
            "version": "v1.0.7",
            "source": {
                "type": "git",
                "url": "https://github.com/top-think/think-captcha.git",
                "reference": "0c55455df26a1626a60d0dc35d2d89002b741d44"
            },
            "dist": {
                "type": "zip",
                "url": "https://files.phpcomposer.com/files/top-think/think-captcha/0c55455df26a1626a60d0dc35d2d89002b741d44.zip",
                "reference": "0c55455df26a1626a60d0dc35d2d89002b741d44",
                "shasum": ""
            },
            "type": "library",
            "autoload": {
                "psr-4": {
                    "think\\captcha\\": "src/"
                },
                "files": [
                    "src/helper.php"
                ]
            },
            "notification-url": "https://packagist.org/downloads/",
            "license": [
                "Apache-2.0"
            ],
            "authors": [
                {
                    "name": "yunwuxin",
                    "email": "448901948@qq.com"
                }
            ],
            "description": "captcha package for thinkphp5",
            "time": "2016-07-06 01:47:11"
        },
        {
            "name": "topthink/think-installer",
            "version": "v1.0.12",
            "source": {
                "type": "git",
                "url": "https://github.com/top-think/think-installer.git",
                "reference": "1be326e68f63de4e95977ed50f46ae75f017556d"
            },
            "dist": {
                "type": "zip",
                "url": "https://files.phpcomposer.com/files/top-think/think-installer/1be326e68f63de4e95977ed50f46ae75f017556d.zip",
                "reference": "1be326e68f63de4e95977ed50f46ae75f017556d",
                "shasum": ""
            },
            "require": {
                "composer-plugin-api": "^1.0"
            },
            "require-dev": {
                "composer/composer": "1.0.*@dev"
            },
            "type": "composer-plugin",
            "extra": {
                "class": "think\\composer\\Plugin"
            },
            "autoload": {
                "psr-4": {
                    "think\\composer\\": "src"
                }
            },
            "notification-url": "https://packagist.org/downloads/",
            "license": [
                "Apache-2.0"
            ],
            "authors": [
                {
                    "name": "yunwuxin",
                    "email": "448901948@qq.com"
                }
            ],
            "time": "2017-05-27 06:58:09"
        },
        {
            "name": "topthink/think-migration",
            "version": "v1.1.1",
            "source": {
                "type": "git",
                "url": "https://github.com/top-think/think-migration.git",
                "reference": "8e489f8d38a39876690c0e00fcf9a54ae92c4d3d"
            },
            "dist": {
                "type": "zip",
                "url": "https://files.phpcomposer.com/files/top-think/think-migration/8e489f8d38a39876690c0e00fcf9a54ae92c4d3d.zip",
                "reference": "8e489f8d38a39876690c0e00fcf9a54ae92c4d3d",
                "shasum": ""
            },
            "require-dev": {
                "topthink/framework": "^5.0"
            },
            "type": "library",
            "autoload": {
                "psr-4": {
                    "Phinx\\": "phinx/src/Phinx",
                    "think\\migration\\": "src"
                },
                "files": [
                    "src/config.php"
                ]
            },
            "notification-url": "https://packagist.org/downloads/",
            "license": [
                "Apache-2.0"
            ],
            "authors": [
                {
                    "name": "yunwuxin",
                    "email": "448901948@qq.com"
                }
            ],
            "time": "2017-03-31 06:33:23"
        }
    ],
    "packages-dev": [],
    "aliases": [],
    "minimum-stability": "stable",
    "stability-flags": [],
    "prefer-stable": false,
    "prefer-lowest": false,
    "platform": {
        "php": ">=5.4.0"
    },
    "platform-dev": []
}
